<?xml version="1.0" encoding="UTF-8" standalone="yes" ?>
<CodeBlocks_project_file>
	<FileVersion major="1" minor="6" />
	<Project>
		<Option title="Geometry" />
		<Option pch_mode="2" />
		<Option compiler="gcc" />
		<Compiler>
			<Add option="-Wall" />
		</Compiler>
		<Linker>
			<Add option="-lGL -lglut" />
		</Linker>
		<Unit filename="complex.cpp" />
		<Unit filename="draw.cpp" />
		<Unit filename="element.cpp" />
		<Unit filename="line.cpp" />
		<Unit filename="main.cpp" />
		<Unit filename="point.cpp" />
		<Unit filename="draw.h" />
		<Unit filename="element.h" />
		<Extensions>
			<code_completion />
			<debugger />
		</Extensions>
	</Project>
</CodeBlocks_project_file>
